
Microsoft Visual Studio Solution File, Format Version 12.00
# Visual Studio 15
VisualStudioVersion = 15.0.28307.1259
MinimumVisualStudioVersion = 10.0.40219.1
Project("{9A19103F-16F7-4668-BE54-9A1E7A4F7556}") = "DotNetEsercizio", "DotNetEsercizio\DotNetEsercizio.csproj", "{50C28BD7-5455-436A-9F24-A38F4E3E42BB}"
EndProject
Project("{9A19103F-16F7-4668-BE54-9A1E7A4F7556}") = "DotNetEsercizio.Core.Test", "DotNetEsercizioTest\DotNetEsercizio.Core.Test.csproj", "{C4ADCA54-DBCF-47D7-9C09-04ED5F345475}"
EndProject
Project("{FAE04EC0-301F-11D3-BF4B-00C04F79EFBC}") = "DotNetEsercizio.Core", "DotNetEsercizio.Core\DotNetEsercizio.Core.csproj", "{3758588D-56B3-41F1-A43E-255C8F857FDA}"
EndProject
Global
	GlobalSection(SolutionConfigurationPlatforms) = preSolution
		Debug|Any CPU = Debug|Any CPU
		Release|Any CPU = Release|Any CPU
	EndGlobalSection
	GlobalSection(ProjectConfigurationPlatforms) = postSolution
		{50C28BD7-5455-436A-9F24-A38F4E3E42BB}.Debug|Any CPU.ActiveCfg = Debug|Any CPU
		{50C28BD7-5455-436A-9F24-A38F4E3E42BB}.Debug|Any CPU.Build.0 = Debug|Any CPU
		{50C28BD7-5455-436A-9F24-A38F4E3E42BB}.Release|Any CPU.ActiveCfg = Release|Any CPU
		{50C28BD7-5455-436A-9F24-A38F4E3E42BB}.Release|Any CPU.Build.0 = Release|Any CPU
		{C4ADCA54-DBCF-47D7-9C09-04ED5F345475}.Debug|Any CPU.ActiveCfg = Debug|Any CPU
		{C4ADCA54-DBCF-47D7-9C09-04ED5F345475}.Debug|Any CPU.Build.0 = Debug|Any CPU
		{C4ADCA54-DBCF-47D7-9C09-04ED5F345475}.Release|Any CPU.ActiveCfg = Release|Any CPU
		{C4ADCA54-DBCF-47D7-9C09-04ED5F345475}.Release|Any CPU.Build.0 = Release|Any CPU
		{3758588D-56B3-41F1-A43E-255C8F857FDA}.Debug|Any CPU.ActiveCfg = Debug|Any CPU
		{3758588D-56B3-41F1-A43E-255C8F857FDA}.Debug|Any CPU.Build.0 = Debug|Any CPU
		{3758588D-56B3-41F1-A43E-255C8F857FDA}.Release|Any CPU.ActiveCfg = Release|Any CPU
		{3758588D-56B3-41F1-A43E-255C8F857FDA}.Release|Any CPU.Build.0 = Release|Any CPU
	EndGlobalSection
	GlobalSection(SolutionProperties) = preSolution
		HideSolutionNode = FALSE
	EndGlobalSection
	GlobalSection(ExtensibilityGlobals) = postSolution
		SolutionGuid = {DE1669B4-0BCB-4CF2-AA82-7E6753CAF189}
	EndGlobalSection
EndGlobal
